
Microsoft Visual Studio Solution File, Format Version 12.00
# Visual Studio Version 17
VisualStudioVersion = 17.14.36908.2
MinimumVisualStudioVersion = 10.0.40219.1
Project("{8BC9CEB8-8B4A-11D0-8D11-00A0C91BC942}") = "BinarySearch", "BinarySearch\BinarySearch.vcxproj", "{EB8720E2-10CB-405D-B2B7-64B95FF7EB51}"
EndProject
Project("{8BC9CEB8-8B4A-11D0-8D11-00A0C91BC942}") = "Random", "Random\Random.vcxproj", "{BC863697-8E0D-4CD7-A39E-6CAF814DAC41}"
EndProject
Project("{8BC9CEB8-8B4A-11D0-8D11-00A0C91BC942}") = "BubbleSort", "BubbleSort\BubbleSort.vcxproj", "{8B16B7E3-83CF-4194-BE30-B1334D8CE0E8}"
EndProject
Project("{8BC9CEB8-8B4A-11D0-8D11-00A0C91BC942}") = "SelectionSort", "SelectionSort\SelectionSort.vcxproj", "{0EFB521D-7A74-4291-90D9-ABEF6580D91B}"
EndProject
Project("{8BC9CEB8-8B4A-11D0-8D11-00A0C91BC942}") = "InsertionSort", "InsertionSort\InsertionSort.vcxproj", "{2D4A326F-BF96-406F-966A-943911F65988}"
EndProject
Project("{8BC9CEB8-8B4A-11D0-8D11-00A0C91BC942}") = "QuickSort", "QuickSort\QuickSort.vcxproj", "{4703CA75-AA6A-4476-A582-31B8CF8995DD}"
EndProject
Project("{8BC9CEB8-8B4A-11D0-8D11-00A0C91BC942}") = "MergeSort", "MergeSort\MergeSort.vcxproj", "{9D144E59-365E-4422-B7B8-0330A3ECF463}"
EndProject
Project("{8BC9CEB8-8B4A-11D0-8D11-00A0C91BC942}") = "HeapSort", "HeapSort\HeapSort.vcxproj", "{EB301D08-4EDC-4D9C-9C20-A9BCF0DD200A}"
EndProject
Project("{8BC9CEB8-8B4A-11D0-8D11-00A0C91BC942}") = "RedBlackTree", "RedBlackTree\RedBlackTree.vcxproj", "{8FB4DC07-83FC-4691-8999-577A6F5A3842}"
EndProject
Project("{8BC9CEB8-8B4A-11D0-8D11-00A0C91BC942}") = "AStarPathFinding", "AStarPathFinding\AStarPathFinding.vcxproj", "{9ECD9659-E6B5-43C8-843A-CD9EDDC5D69F}"
EndProject
Project("{8BC9CEB8-8B4A-11D0-8D11-00A0C91BC942}") = "QuadTree", "QuadTree\QuadTree.vcxproj", "{F04F360F-1C47-451E-92D5-C17542824BFC}"
EndProject
Global
	GlobalSection(SolutionConfigurationPlatforms) = preSolution
		Debug|x64 = Debug|x64
		Release|x64 = Release|x64
	EndGlobalSection
	GlobalSection(ProjectConfigurationPlatforms) = postSolution
		{EB8720E2-10CB-405D-B2B7-64B95FF7EB51}.Debug|x64.ActiveCfg = Debug|x64
		{EB8720E2-10CB-405D-B2B7-64B95FF7EB51}.Debug|x64.Build.0 = Debug|x64
		{EB8720E2-10CB-405D-B2B7-64B95FF7EB51}.Release|x64.ActiveCfg = Debug|x64
		{EB8720E2-10CB-405D-B2B7-64B95FF7EB51}.Release|x64.Build.0 = Debug|x64
		{BC863697-8E0D-4CD7-A39E-6CAF814DAC41}.Debug|x64.ActiveCfg = Debug|x64
		{BC863697-8E0D-4CD7-A39E-6CAF814DAC41}.Debug|x64.Build.0 = Debug|x64
		{BC863697-8E0D-4CD7-A39E-6CAF814DAC41}.Release|x64.ActiveCfg = Release|x64
		{BC863697-8E0D-4CD7-A39E-6CAF814DAC41}.Release|x64.Build.0 = Release|x64
		{8B16B7E3-83CF-4194-BE30-B1334D8CE0E8}.Debug|x64.ActiveCfg = Debug|x64
		{8B16B7E3-83CF-4194-BE30-B1334D8CE0E8}.Debug|x64.Build.0 = Debug|x64
		{8B16B7E3-83CF-4194-BE30-B1334D8CE0E8}.Release|x64.ActiveCfg = Release|x64
		{8B16B7E3-83CF-4194-BE30-B1334D8CE0E8}.Release|x64.Build.0 = Release|x64
		{0EFB521D-7A74-4291-90D9-ABEF6580D91B}.Debug|x64.ActiveCfg = Debug|x64
		{0EFB521D-7A74-4291-90D9-ABEF6580D91B}.Debug|x64.Build.0 = Debug|x64
		{0EFB521D-7A74-4291-90D9-ABEF6580D91B}.Release|x64.ActiveCfg = Release|x64
		{0EFB521D-7A74-4291-90D9-ABEF6580D91B}.Release|x64.Build.0 = Release|x64
		{2D4A326F-BF96-406F-966A-943911F65988}.Debug|x64.ActiveCfg = Debug|x64
		{2D4A326F-BF96-406F-966A-943911F65988}.Debug|x64.Build.0 = Debug|x64
		{2D4A326F-BF96-406F-966A-943911F65988}.Release|x64.ActiveCfg = Release|x64
		{2D4A326F-BF96-406F-966A-943911F65988}.Release|x64.Build.0 = Release|x64
		{4703CA75-AA6A-4476-A582-31B8CF8995DD}.Debug|x64.ActiveCfg = Debug|x64
		{4703CA75-AA6A-4476-A582-31B8CF8995DD}.Debug|x64.Build.0 = Debug|x64
		{4703CA75-AA6A-4476-A582-31B8CF8995DD}.Release|x64.ActiveCfg = Release|x64
		{4703CA75-AA6A-4476-A582-31B8CF8995DD}.Release|x64.Build.0 = Release|x64
		{9D144E59-365E-4422-B7B8-0330A3ECF463}.Debug|x64.ActiveCfg = Debug|x64
		{9D144E59-365E-4422-B7B8-0330A3ECF463}.Debug|x64.Build.0 = Debug|x64
		{9D144E59-365E-4422-B7B8-0330A3ECF463}.Release|x64.ActiveCfg = Release|x64
		{9D144E59-365E-4422-B7B8-0330A3ECF463}.Release|x64.Build.0 = Release|x64
		{EB301D08-4EDC-4D9C-9C20-A9BCF0DD200A}.Debug|x64.ActiveCfg = Debug|x64
		{EB301D08-4EDC-4D9C-9C20-A9BCF0DD200A}.Debug|x64.Build.0 = Debug|x64
		{EB301D08-4EDC-4D9C-9C20-A9BCF0DD200A}.Release|x64.ActiveCfg = Release|x64
		{EB301D08-4EDC-4D9C-9C20-A9BCF0DD200A}.Release|x64.Build.0 = Release|x64
		{8FB4DC07-83FC-4691-8999-577A6F5A3842}.Debug|x64.ActiveCfg = Debug|x64
		{8FB4DC07-83FC-4691-8999-577A6F5A3842}.Debug|x64.Build.0 = Debug|x64
		{8FB4DC07-83FC-4691-8999-577A6F5A3842}.Release|x64.ActiveCfg = Release|x64
		{8FB4DC07-83FC-4691-8999-577A6F5A3842}.Release|x64.Build.0 = Release|x64
		{9ECD9659-E6B5-43C8-843A-CD9EDDC5D69F}.Debug|x64.ActiveCfg = Debug|x64
		{9ECD9659-E6B5-43C8-843A-CD9EDDC5D69F}.Debug|x64.Build.0 = Debug|x64
		{9ECD9659-E6B5-43C8-843A-CD9EDDC5D69F}.Release|x64.ActiveCfg = Release|x64
		{9ECD9659-E6B5-43C8-843A-CD9EDDC5D69F}.Release|x64.Build.0 = Release|x64
		{F04F360F-1C47-451E-92D5-C17542824BFC}.Debug|x64.ActiveCfg = Debug|x64
		{F04F360F-1C47-451E-92D5-C17542824BFC}.Debug|x64.Build.0 = Debug|x64
		{F04F360F-1C47-451E-92D5-C17542824BFC}.Release|x64.ActiveCfg = Release|x64
		{F04F360F-1C47-451E-92D5-C17542824BFC}.Release|x64.Build.0 = Release|x64
	EndGlobalSection
	GlobalSection(SolutionProperties) = preSolution
		HideSolutionNode = FALSE
	EndGlobalSection
	GlobalSection(ExtensibilityGlobals) = postSolution
		SolutionGuid = {4A87BC26-61F2-4E68-AFCA-C335E1DDCAA4}
	EndGlobalSection
EndGlobal
